
Microsoft Visual Studio Solution File, Format Version 12.00
# Visual Studio Version 17
VisualStudioVersion = 17.0.31903.59
MinimumVisualStudioVersion = 10.0.40219.1
Project("{2150E333-8FDC-42A3-9474-1A3956D46DE8}") = "src", "src", "{AB93F733-A6CF-4C6A-9F12-215C833E149F}"
EndProject
Project("{F2A71F9B-5D33-465A-A702-920D77279786}") = "SkogCli.Core", "src\SkogCli.Core\SkogCli.Core.fsproj", "{6F9FD5E5-20D0-4714-A2CD-F6F4CD51BD8E}"
EndProject
Project("{F2A71F9B-5D33-465A-A702-920D77279786}") = "SkogCli.Memory", "src\SkogCli.Memory\SkogCli.Memory.fsproj", "{EC2DA174-274A-4FEB-A113-89E60D4764C4}"
EndProject
Project("{F2A71F9B-5D33-465A-A702-920D77279786}") = "SkogCli.Scripts", "src\SkogCli.Scripts\SkogCli.Scripts.fsproj", "{0DC250A1-C24A-40AD-9354-61FC8AEDB2AC}"
EndProject
Project("{F2A71F9B-5D33-465A-A702-920D77279786}") = "SkogCli.Agent", "src\SkogCli.Agent\SkogCli.Agent.fsproj", "{9303B81C-4F2A-4193-AFD2-38AABCE5FF37}"
EndProject
Project("{F2A71F9B-5D33-465A-A702-920D77279786}") = "SkogCli.Cli", "src\SkogCli.Cli\SkogCli.Cli.fsproj", "{02C2839C-E8C7-47E3-9A97-9802B2A5C28F}"
EndProject
Project("{2150E333-8FDC-42A3-9474-1A3956D46DE8}") = "tests", "tests", "{FB5B300B-1295-4066-8F24-B3289939A5EE}"
EndProject
Project("{F2A71F9B-5D33-465A-A702-920D77279786}") = "SkogCli.Tests", "tests\SkogCli.Tests\SkogCli.Tests.fsproj", "{86527D2C-99EA-4646-8770-75333F819DC2}"
EndProject
Global
	GlobalSection(SolutionConfigurationPlatforms) = preSolution
		Debug|Any CPU = Debug|Any CPU
		Release|Any CPU = Release|Any CPU
	EndGlobalSection
	GlobalSection(SolutionProperties) = preSolution
		HideSolutionNode = FALSE
	EndGlobalSection
	GlobalSection(ProjectConfigurationPlatforms) = postSolution
		{6F9FD5E5-20D0-4714-A2CD-F6F4CD51BD8E}.Debug|Any CPU.ActiveCfg = Debug|Any CPU
		{6F9FD5E5-20D0-4714-A2CD-F6F4CD51BD8E}.Debug|Any CPU.Build.0 = Debug|Any CPU
		{6F9FD5E5-20D0-4714-A2CD-F6F4CD51BD8E}.Release|Any CPU.ActiveCfg = Release|Any CPU
		{6F9FD5E5-20D0-4714-A2CD-F6F4CD51BD8E}.Release|Any CPU.Build.0 = Release|Any CPU
		{EC2DA174-274A-4FEB-A113-89E60D4764C4}.Debug|Any CPU.ActiveCfg = Debug|Any CPU
		{EC2DA174-274A-4FEB-A113-89E60D4764C4}.Debug|Any CPU.Build.0 = Debug|Any CPU
		{EC2DA174-274A-4FEB-A113-89E60D4764C4}.Release|Any CPU.ActiveCfg = Release|Any CPU
		{EC2DA174-274A-4FEB-A113-89E60D4764C4}.Release|Any CPU.Build.0 = Release|Any CPU
		{0DC250A1-C24A-40AD-9354-61FC8AEDB2AC}.Debug|Any CPU.ActiveCfg = Debug|Any CPU
		{0DC250A1-C24A-40AD-9354-61FC8AEDB2AC}.Debug|Any CPU.Build.0 = Debug|Any CPU
		{0DC250A1-C24A-40AD-9354-61FC8AEDB2AC}.Release|Any CPU.ActiveCfg = Release|Any CPU
		{0DC250A1-C24A-40AD-9354-61FC8AEDB2AC}.Release|Any CPU.Build.0 = Release|Any CPU
		{9303B81C-4F2A-4193-AFD2-38AABCE5FF37}.Debug|Any CPU.ActiveCfg = Debug|Any CPU
		{9303B81C-4F2A-4193-AFD2-38AABCE5FF37}.Debug|Any CPU.Build.0 = Debug|Any CPU
		{9303B81C-4F2A-4193-AFD2-38AABCE5FF37}.Release|Any CPU.ActiveCfg = Release|Any CPU
		{9303B81C-4F2A-4193-AFD2-38AABCE5FF37}.Release|Any CPU.Build.0 = Release|Any CPU
		{02C2839C-E8C7-47E3-9A97-9802B2A5C28F}.Debug|Any CPU.ActiveCfg = Debug|Any CPU
		{02C2839C-E8C7-47E3-9A97-9802B2A5C28F}.Debug|Any CPU.Build.0 = Debug|Any CPU
		{02C2839C-E8C7-47E3-9A97-9802B2A5C28F}.Release|Any CPU.ActiveCfg = Release|Any CPU
		{02C2839C-E8C7-47E3-9A97-9802B2A5C28F}.Release|Any CPU.Build.0 = Release|Any CPU
		{86527D2C-99EA-4646-8770-75333F819DC2}.Debug|Any CPU.ActiveCfg = Debug|Any CPU
		{86527D2C-99EA-4646-8770-75333F819DC2}.Debug|Any CPU.Build.0 = Debug|Any CPU
		{86527D2C-99EA-4646-8770-75333F819DC2}.Release|Any CPU.ActiveCfg = Release|Any CPU
		{86527D2C-99EA-4646-8770-75333F819DC2}.Release|Any CPU.Build.0 = Release|Any CPU
	EndGlobalSection
	GlobalSection(NestedProjects) = preSolution
		{6F9FD5E5-20D0-4714-A2CD-F6F4CD51BD8E} = {AB93F733-A6CF-4C6A-9F12-215C833E149F}
		{EC2DA174-274A-4FEB-A113-89E60D4764C4} = {AB93F733-A6CF-4C6A-9F12-215C833E149F}
		{0DC250A1-C24A-40AD-9354-61FC8AEDB2AC} = {AB93F733-A6CF-4C6A-9F12-215C833E149F}
		{9303B81C-4F2A-4193-AFD2-38AABCE5FF37} = {AB93F733-A6CF-4C6A-9F12-215C833E149F}
		{02C2839C-E8C7-47E3-9A97-9802B2A5C28F} = {AB93F733-A6CF-4C6A-9F12-215C833E149F}
		{86527D2C-99EA-4646-8770-75333F819DC2} = {FB5B300B-1295-4066-8F24-B3289939A5EE}
	EndGlobalSection
EndGlobal
